<?xml version="1.0" encoding="utf-8"?>
<Project ToolsVersion="4.0" xmlns="http://schemas.microsoft.com/developer/msbuild/2003">
  <ItemGroup>
    <Filter Include="Source Files">
      <UniqueIdentifier>{4FC737F1-C7A5-4376-A066-2A32D752A2FF}</UniqueIdentifier>
      <Extensions>cpp;c;cc;cxx;def;odl;idl;hpj;bat;asm;asmx</Extensions>
    </Filter>
    <Filter Include="Header Files">
      <UniqueIdentifier>{93995380-89BD-4b04-88EB-625FBE52EBFB}</UniqueIdentifier>
      <Extensions>h;hh;hpp;hxx;hm;inl;inc;ipp;xsd</Extensions>
    </Filter>
    <Filter Include="Resource Files">
      <UniqueIdentifier>{67DA6AB6-F800-4c08-8B7A-83BB121AAD01}</UniqueIdentifier>
      <Extensions>rc;ico;cur;bmp;dlg;rc2;rct;bin;rgs;gif;jpg;jpeg;jpe;resx;tiff;tif;png;wav;mfcribbon-ms</Extensions>
    </Filter>
    <Filter Include="Header Files\firebase">
      <UniqueIdentifier>{b3797126-7350-4403-855d-e4defc18c57b}</UniqueIdentifier>
    </Filter>
    <Filter Include="Header Files\firebase\auth">
      <UniqueIdentifier>{bf0e1f80-6cfb-41cb-9f0e-3c70d1a037a7}</UniqueIdentifier>
    </Filter>
    <Filter Include="Header Files\firebase\addmob">
      <UniqueIdentifier>{5e93f259-b58d-4274-ba09-5cafc62f25e9}</UniqueIdentifier>
    </Filter>
    <Filter Include="Header Files\firebase\analytics">
      <UniqueIdentifier>{6a15f846-56d4-462a-9ba0-35a4f8cda368}</UniqueIdentifier>
    </Filter>
    <Filter Include="Header Files\firebase\database">
      <UniqueIdentifier>{6f4b8c78-9e9a-4b94-93ad-4f2befa1bb77}</UniqueIdentifier>
    </Filter>
    <Filter Include="Header Files\firebase\dynamic_links">
      <UniqueIdentifier>{18aada02-9d82-4bc5-8699-31e9dddebc2d}</UniqueIdentifier>
    </Filter>
    <Filter Include="Header Files\firebase\internal">
      <UniqueIdentifier>{a7d55851-1d0c-4f3c-8ad7-66ad23fa9860}</UniqueIdentifier>
    </Filter>
    <Filter Include="Header Files\firebase\storage">
      <UniqueIdentifier>{8a05eea4-5519-4428-b044-bcbaab91be2f}</UniqueIdentifier>
    </Filter>
  </ItemGroup>
  <ItemGroup>
    <ClInclude Include="stdafx.h">
      <Filter>Header Files</Filter>
    </ClInclude>
    <ClInclude Include="targetver.h">
      <Filter>Header Files</Filter>
    </ClInclude>
    <ClInclude Include="include\firebase\admob.h">
      <Filter>Header Files\firebase</Filter>
    </ClInclude>
    <ClInclude Include="include\firebase\analytics.h">
      <Filter>Header Files\firebase</Filter>
    </ClInclude>
    <ClInclude Include="include\firebase\app.h">
      <Filter>Header Files\firebase</Filter>
    </ClInclude>
    <ClInclude Include="include\firebase\auth.h">
      <Filter>Header Files\firebase</Filter>
    </ClInclude>
    <ClInclude Include="include\firebase\database.h">
      <Filter>Header Files\firebase</Filter>
    </ClInclude>
    <ClInclude Include="include\firebase\dynamic_links.h">
      <Filter>Header Files\firebase</Filter>
    </ClInclude>
    <ClInclude Include="include\firebase\future.h">
      <Filter>Header Files\firebase</Filter>
    </ClInclude>
    <ClInclude Include="include\firebase\instance_id.h">
      <Filter>Header Files\firebase</Filter>
    </ClInclude>
    <ClInclude Include="include\firebase\invites.h">
      <Filter>Header Files\firebase</Filter>
    </ClInclude>
    <ClInclude Include="include\firebase\log.h">
      <Filter>Header Files\firebase</Filter>
    </ClInclude>
    <ClInclude Include="include\firebase\messaging.h">
      <Filter>Header Files\firebase</Filter>
    </ClInclude>
    <ClInclude Include="include\firebase\remote_config.h">
      <Filter>Header Files\firebase</Filter>
    </ClInclude>
    <ClInclude Include="include\firebase\storage.h">
      <Filter>Header Files\firebase</Filter>
    </ClInclude>
    <ClInclude Include="include\firebase\util.h">
      <Filter>Header Files\firebase</Filter>
    </ClInclude>
    <ClInclude Include="include\firebase\variant.h">
      <Filter>Header Files\firebase</Filter>
    </ClInclude>
    <ClInclude Include="include\firebase\version.h">
      <Filter>Header Files\firebase</Filter>
    </ClInclude>
    <ClInclude Include="include\firebase\auth\credential.h">
      <Filter>Header Files\firebase\auth</Filter>
    </ClInclude>
    <ClInclude Include="include\firebase\auth\types.h">
      <Filter>Header Files\firebase\auth</Filter>
    </ClInclude>
    <ClInclude Include="include\firebase\auth\user.h">
      <Filter>Header Files\firebase\auth</Filter>
    </ClInclude>
    <ClInclude Include="include\firebase\admob\banner_view.h">
      <Filter>Header Files\firebase\addmob</Filter>
    </ClInclude>
    <ClInclude Include="include\firebase\admob\interstitial_ad.h">
      <Filter>Header Files\firebase\addmob</Filter>
    </ClInclude>
    <ClInclude Include="include\firebase\admob\native_express_ad_view.h">
      <Filter>Header Files\firebase\addmob</Filter>
    </ClInclude>
    <ClInclude Include="include\firebase\admob\rewarded_video.h">
      <Filter>Header Files\firebase\addmob</Filter>
    </ClInclude>
    <ClInclude Include="include\firebase\admob\types.h">
      <Filter>Header Files\firebase\addmob</Filter>
    </ClInclude>
    <ClInclude Include="include\firebase\analytics\event_names.h">
      <Filter>Header Files\firebase\analytics</Filter>
    </ClInclude>
    <ClInclude Include="include\firebase\analytics\parameter_names.h">
      <Filter>Header Files\firebase\analytics</Filter>
    </ClInclude>
    <ClInclude Include="include\firebase\analytics\user_property_names.h">
      <Filter>Header Files\firebase\analytics</Filter>
    </ClInclude>
    <ClInclude Include="include\firebase\database\common.h">
      <Filter>Header Files\firebase\database</Filter>
    </ClInclude>
    <ClInclude Include="include\firebase\database\data_snapshot.h">
      <Filter>Header Files\firebase\database</Filter>
    </ClInclude>
    <ClInclude Include="include\firebase\database\database_reference.h">
      <Filter>Header Files\firebase\database</Filter>
    </ClInclude>
    <ClInclude Include="include\firebase\database\disconnection.h">
      <Filter>Header Files\firebase\database</Filter>
    </ClInclude>
    <ClInclude Include="include\firebase\database\listener.h">
      <Filter>Header Files\firebase\database</Filter>
    </ClInclude>
    <ClInclude Include="include\firebase\database\mutable_data.h">
      <Filter>Header Files\firebase\database</Filter>
    </ClInclude>
    <ClInclude Include="include\firebase\database\query.h">
      <Filter>Header Files\firebase\database</Filter>
    </ClInclude>
    <ClInclude Include="include\firebase\database\transaction.h">
      <Filter>Header Files\firebase\database</Filter>
    </ClInclude>
    <ClInclude Include="include\firebase\dynamic_links\components.h">
      <Filter>Header Files\firebase\dynamic_links</Filter>
    </ClInclude>
    <ClInclude Include="include\firebase\internal\common.h">
      <Filter>Header Files\firebase\internal</Filter>
    </ClInclude>
    <ClInclude Include="include\firebase\internal\future_impl.h">
      <Filter>Header Files\firebase\internal</Filter>
    </ClInclude>
    <ClInclude Include="include\firebase\storage\common.h">
      <Filter>Header Files\firebase\storage</Filter>
    </ClInclude>
    <ClInclude Include="include\firebase\storage\controller.h">
      <Filter>Header Files\firebase\storage</Filter>
    </ClInclude>
    <ClInclude Include="include\firebase\storage\listener.h">
      <Filter>Header Files\firebase\storage</Filter>
    </ClInclude>
    <ClInclude Include="include\firebase\storage\metadata.h">
      <Filter>Header Files\firebase\storage</Filter>
    </ClInclude>
    <ClInclude Include="include\firebase\storage\storage_reference.h">
      <Filter>Header Files\firebase\storage</Filter>
    </ClInclude>
  </ItemGroup>
  <ItemGroup>
    <ClCompile Include="stdafx.cpp">
      <Filter>Source Files</Filter>
    </ClCompile>
    <ClCompile Include="Conecta.cpp">
      <Filter>Source Files</Filter>
    </ClCompile>
  </ItemGroup>
</Project>