<?xml version="1.0" encoding="utf-8"?>
<Project ToolsVersion="4.0" xmlns="http://schemas.microsoft.com/developer/msbuild/2003">
  <ItemGroup>
    <Filter Include="Source Files">
      <UniqueIdentifier>{4FC737F1-C7A5-4376-A066-2A32D752A2FF}</UniqueIdentifier>
      <Extensions>cpp;c;cc;cxx;def;odl;idl;hpj;bat;asm;asmx</Extensions>
    </Filter>
    <Filter Include="Header Files">
      <UniqueIdentifier>{93995380-89BD-4b04-88EB-625FBE52EBFB}</UniqueIdentifier>
      <Extensions>h;hh;hpp;hxx;hm;inl;inc;ipp;xsd</Extensions>
    </Filter>
    <Filter Include="Resource Files">
      <UniqueIdentifier>{67DA6AB6-F800-4c08-8B7A-83BB121AAD01}</UniqueIdentifier>
      <Extensions>rc;ico;cur;bmp;dlg;rc2;rct;bin;rgs;gif;jpg;jpeg;jpe;resx;tiff;tif;png;wav;mfcribbon-ms</Extensions>
    </Filter>
    <Filter Include="Header Files\firebase">
      <UniqueIdentifier>{b3797126-7350-4403-855d-e4defc18c57b}</UniqueIdentifier>
    </Filter>
  </ItemGroup>
  <ItemGroup>
    <ClInclude Include="stdafx.h">
      <Filter>Header Files</Filter>
    </ClInclude>
    <ClInclude Include="targetver.h">
      <Filter>Header Files</Filter>
    </ClInclude>
    <ClInclude Include="include\firebase\admob.h">
      <Filter>Header Files\firebase</Filter>
    </ClInclude>
    <ClInclude Include="include\firebase\analytics.h">
      <Filter>Header Files\firebase</Filter>
    </ClInclude>
    <ClInclude Include="include\firebase\app.h">
      <Filter>Header Files\firebase</Filter>
    </ClInclude>
    <ClInclude Include="include\firebase\auth.h">
      <Filter>Header Files\firebase</Filter>
    </ClInclude>
    <ClInclude Include="include\firebase\database.h">
      <Filter>Header Files\firebase</Filter>
    </ClInclude>
    <ClInclude Include="include\firebase\dynamic_links.h">
      <Filter>Header Files\firebase</Filter>
    </ClInclude>
    <ClInclude Include="include\firebase\future.h">
      <Filter>Header Files\firebase</Filter>
    </ClInclude>
    <ClInclude Include="include\firebase\instance_id.h">
      <Filter>Header Files\firebase</Filter>
    </ClInclude>
    <ClInclude Include="include\firebase\invites.h">
      <Filter>Header Files\firebase</Filter>
    </ClInclude>
    <ClInclude Include="include\firebase\log.h">
      <Filter>Header Files\firebase</Filter>
    </ClInclude>
    <ClInclude Include="include\firebase\messaging.h">
      <Filter>Header Files\firebase</Filter>
    </ClInclude>
    <ClInclude Include="include\firebase\remote_config.h">
      <Filter>Header Files\firebase</Filter>
    </ClInclude>
    <ClInclude Include="include\firebase\storage.h">
      <Filter>Header Files\firebase</Filter>
    </ClInclude>
    <ClInclude Include="include\firebase\util.h">
      <Filter>Header Files\firebase</Filter>
    </ClInclude>
    <ClInclude Include="include\firebase\variant.h">
      <Filter>Header Files\firebase</Filter>
    </ClInclude>
    <ClInclude Include="include\firebase\version.h">
      <Filter>Header Files\firebase</Filter>
    </ClInclude>
  </ItemGroup>
  <ItemGroup>
    <ClCompile Include="stdafx.cpp">
      <Filter>Source Files</Filter>
    </ClCompile>
    <ClCompile Include="Conecta.cpp">
      <Filter>Source Files</Filter>
    </ClCompile>
  </ItemGroup>
</Project>